{
  "name": "sssnack",
  "version": "0.15.3",
  "lockfileVersion": 3,
  "requires": true,
  "packages": {
    "": {
      "name": "sssnack",
      "version": "0.15.3",
      "license": "MIT",
      "bin": {
        "sssnack": "plugins/sssnack/skills/sssnack/scripts/sssnack.mjs"
      },
      "engines": {
        "node": ">=20"
      }
    }
  }
}
